// !$*UTF8*$!
{
	archiveVersion = 1;
	classes = {
	};
	objectVersion = 50;
	objects = {

/* Begin PBXBuildFile section */
		FAF2423921FF9FD700930D7B /* AppDelegate.swift in Sources */ = {isa = PBXBuildFile; fileRef = FAF2423821FF9FD700930D7B /* AppDelegate.swift */; };
		FAF2423B21FF9FD700930D7B /* InitialMapViewController.swift in Sources */ = {isa = PBXBuildFile; fileRef = FAF2423A21FF9FD700930D7B /* InitialMapViewController.swift */; };
		FAF2423E21FF9FD700930D7B /* Main.storyboard in Resources */ = {isa = PBXBuildFile; fileRef = FAF2423C21FF9FD700930D7B /* Main.storyboard */; };
		FAF2424121FF9FD700930D7B /* Virtual_Tourist.xcdatamodeld in Sources */ = {isa = PBXBuildFile; fileRef = FAF2423F21FF9FD700930D7B /* Virtual_Tourist.xcdatamodeld */; };
		FAF2424321FF9FD900930D7B /* Assets.xcassets in Resources */ = {isa = PBXBuildFile; fileRef = FAF2424221FF9FD900930D7B /* Assets.xcassets */; };
		FAF2424621FF9FD900930D7B /* LaunchScreen.storyboard in Resources */ = {isa = PBXBuildFile; fileRef = FAF2424421FF9FD900930D7B /* LaunchScreen.storyboard */; };
		FAF2424F21FFA25900930D7B /* PinDetailViewController.swift in Sources */ = {isa = PBXBuildFile; fileRef = FAF2424E21FFA25900930D7B /* PinDetailViewController.swift */; };
		FAF2425221FFA4B500930D7B /* ImageCollectionViewCell.swift in Sources */ = {isa = PBXBuildFile; fileRef = FAF2425121FFA4B500930D7B /* ImageCollectionViewCell.swift */; };
/* End PBXBuildFile section */

/* Begin PBXFileReference section */
		FAF2423521FF9FD700930D7B /* Virtual Tourist.app */ = {isa = PBXFileReference; explicitFileType = wrapper.application; includeInIndex = 0; path = "Virtual Tourist.app"; sourceTree = BUILT_PRODUCTS_DIR; };
		FAF2423821FF9FD700930D7B /* AppDelegate.swift */ = {isa = PBXFileReference; lastKnownFileType = sourcecode.swift; path = AppDelegate.swift; sourceTree = "<group>"; };
		FAF2423A21FF9FD700930D7B /* InitialMapViewController.swift */ = {isa = PBXFileReference; lastKnownFileType = sourcecode.swift; path = InitialMapViewController.swift; sourceTree = "<group>"; };
		FAF2423D21FF9FD700930D7B /* Base */ = {isa = PBXFileReference; lastKnownFileType = file.storyboard; name = Base; path = Base.lproj/Main.storyboard; sourceTree = "<group>"; };
		FAF2424021FF9FD700930D7B /* Virtual_Tourist.xcdatamodel */ = {isa = PBXFileReference; lastKnownFileType = wrapper.xcdatamodel; path = Virtual_Tourist.xcdatamodel; sourceTree = "<group>"; };
		FAF2424221FF9FD900930D7B /* Assets.xcassets */ = {isa = PBXFileReference; lastKnownFileType = folder.assetcatalog; path = Assets.xcassets; sourceTree = "<group>"; };
		FAF2424521FF9FD900930D7B /* Base */ = {isa = PBXFileReference; lastKnownFileType = file.storyboard; name = Base; path = Base.lproj/LaunchScreen.storyboard; sourceTree = "<group>"; };
		FAF2424721FF9FD900930D7B /* Info.plist */ = {isa = PBXFileReference; lastKnownFileType = text.plist.xml; path = Info.plist; sourceTree = "<group>"; };
		FAF2424E21FFA25900930D7B /* PinDetailViewController.swift */ = {isa = PBXFileReference; lastKnownFileType = sourcecode.swift; path = PinDetailViewController.swift; sourceTree = "<group>"; };
		FAF2425121FFA4B500930D7B /* ImageCollectionViewCell.swift */ = {isa = PBXFileReference; lastKnownFileType = sourcecode.swift; path = ImageCollectionViewCell.swift; sourceTree = "<group>"; };
/* End PBXFileReference section */

/* Begin PBXFrameworksBuildPhase section */
		FAF2423221FF9FD700930D7B /* Frameworks */ = {
			isa = PBXFrameworksBuildPhase;
			buildActionMask = 2147483647;
			files = (
			);
			runOnlyForDeploymentPostprocessing = 0;
		};
/* End PBXFrameworksBuildPhase section */

/* Begin PBXGroup section */
		FAF2422C21FF9FD700930D7B = {
			isa = PBXGroup;
			children = (
				FAF2423721FF9FD700930D7B /* Virtual Tourist */,
				FAF2423621FF9FD700930D7B /* Products */,
			);
			sourceTree = "<group>";
		};
		FAF2423621FF9FD700930D7B /* Products */ = {
			isa = PBXGroup;
			children = (
				FAF2423521FF9FD700930D7B /* Virtual Tourist.app */,
			);
			name = Products;
			sourceTree = "<group>";
		};
		FAF2423721FF9FD700930D7B /* Virtual Tourist */ = {
			isa = PBXGroup;
			children = (
				FAF2423821FF9FD700930D7B /* AppDelegate.swift */,
				FAF2424D21FFA23E00930D7B /* View Controller */,
				FAF2425021FFA49600930D7B /* Model */,
				FAF2423C21FF9FD700930D7B /* Main.storyboard */,
				FAF2424221FF9FD900930D7B /* Assets.xcassets */,
				FAF2424421FF9FD900930D7B /* LaunchScreen.storyboard */,
				FAF2424721FF9FD900930D7B /* Info.plist */,
				FAF2423F21FF9FD700930D7B /* Virtual_Tourist.xcdatamodeld */,
			);
			path = "Virtual Tourist";
			sourceTree = "<group>";
		};
		FAF2424D21FFA23E00930D7B /* View Controller */ = {
			isa = PBXGroup;
			children = (
				FAF2423A21FF9FD700930D7B /* InitialMapViewController.swift */,
				FAF2424E21FFA25900930D7B /* PinDetailViewController.swift */,
			);
			path = "View Controller";
			sourceTree = "<group>";
		};
		FAF2425021FFA49600930D7B /* Model */ = {
			isa = PBXGroup;
			children = (
				FAF2425121FFA4B500930D7B /* ImageCollectionViewCell.swift */,
			);
			path = Model;
			sourceTree = "<group>";
		};
/* End PBXGroup section */

/* Begin PBXNativeTarget section */
		FAF2423421FF9FD700930D7B /* Virtual Tourist */ = {
			isa = PBXNativeTarget;
			buildConfigurationList = FAF2424A21FF9FD900930D7B /* Build configuration list for PBXNativeTarget "Virtual Tourist" */;
			buildPhases = (
				FAF2423121FF9FD700930D7B /* Sources */,
				FAF2423221FF9FD700930D7B /* Frameworks */,
				FAF2423321FF9FD700930D7B /* Resources */,
			);
			buildRules = (
			);
			dependencies = (
			);
			name = "Virtual Tourist";
			productName = "Virtual Tourist";
			productReference = FAF2423521FF9FD700930D7B /* Virtual Tourist.app */;
			productType = "com.apple.product-type.application";
		};
/* End PBXNativeTarget section */

/* Begin PBXProject section */
		FAF2422D21FF9FD700930D7B /* Project object */ = {
			isa = PBXProject;
			attributes = {
				LastSwiftUpdateCheck = 1010;
				LastUpgradeCheck = 1010;
				ORGANIZATIONNAME = "João Leite";
				TargetAttributes = {
					FAF2423421FF9FD700930D7B = {
						CreatedOnToolsVersion = 10.1;
					};
				};
			};
			buildConfigurationList = FAF2423021FF9FD700930D7B /* Build configuration list for PBXProject "Virtual Tourist" */;
			compatibilityVersion = "Xcode 9.3";
			developmentRegion = en;
			hasScannedForEncodings = 0;
			knownRegions = (
				en,
				Base,
			);
			mainGroup = FAF2422C21FF9FD700930D7B;
			productRefGroup = FAF2423621FF9FD700930D7B /* Products */;
			projectDirPath = "";
			projectRoot = "";
			targets = (
				FAF2423421FF9FD700930D7B /* Virtual Tourist */,
			);
		};
/* End PBXProject section */

/* Begin PBXResourcesBuildPhase section */
		FAF2423321FF9FD700930D7B /* Resources */ = {
			isa = PBXResourcesBuildPhase;
			buildActionMask = 2147483647;
			files = (
				FAF2424621FF9FD900930D7B /* LaunchScreen.storyboard in Resources */,
				FAF2424321FF9FD900930D7B /* Assets.xcassets in Resources */,
				FAF2423E21FF9FD700930D7B /* Main.storyboard in Resources */,
			);
			runOnlyForDeploymentPostprocessing = 0;
		};
/* End PBXResourcesBuildPhase section */

/* Begin PBXSourcesBuildPhase section */
		FAF2423121FF9FD700930D7B /* Sources */ = {
			isa = PBXSourcesBuildPhase;
			buildActionMask = 2147483647;
			files = (
				FAF2423B21FF9FD700930D7B /* InitialMapViewController.swift in Sources */,
				FAF2425221FFA4B500930D7B /* ImageCollectionViewCell.swift in Sources */,
				FAF2424F21FFA25900930D7B /* PinDetailViewController.swift in Sources */,
				FAF2424121FF9FD700930D7B /* Virtual_Tourist.xcdatamodeld in Sources */,
				FAF2423921FF9FD700930D7B /* AppDelegate.swift in Sources */,
			);
			runOnlyForDeploymentPostprocessing = 0;
		};
/* End PBXSourcesBuildPhase section */

/* Begin PBXVariantGroup section */
		FAF2423C21FF9FD700930D7B /* Main.storyboard */ = {
			isa = PBXVariantGroup;
			children = (
				FAF2423D21FF9FD700930D7B /* Base */,
			);
			name = Main.storyboard;
			sourceTree = "<group>";
		};
		FAF2424421FF9FD900930D7B /* LaunchScreen.storyboard */ = {
			isa = PBXVariantGroup;
			children = (
				FAF2424521FF9FD900930D7B /* Base */,
			);
			name = LaunchScreen.storyboard;
			sourceTree = "<group>";
		};
/* End PBXVariantGroup section */

/* Begin XCBuildConfiguration section */
		FAF2424821FF9FD900930D7B /* Debug */ = {
			isa = XCBuildConfiguration;
			buildSettings = {
				ALWAYS_SEARCH_USER_PATHS = NO;
				CLANG_ANALYZER_NONNULL = YES;
				CLANG_ANALYZER_NUMBER_OBJECT_CONVERSION = YES_AGGRESSIVE;
				CLANG_CXX_LANGUAGE_STANDARD = "gnu++14";
				CLANG_CXX_LIBRARY = "libc++";
				CLANG_ENABLE_MODULES = YES;
				CLANG_ENABLE_OBJC_ARC = YES;
				CLANG_ENABLE_OBJC_WEAK = YES;
				CLANG_WARN_BLOCK_CAPTURE_AUTORELEASING = YES;
				CLANG_WARN_BOOL_CONVERSION = YES;
				CLANG_WARN_COMMA = YES;
				CLANG_WARN_CONSTANT_CONVERSION = YES;
				CLANG_WARN_DEPRECATED_OBJC_IMPLEMENTATIONS = YES;
				CLANG_WARN_DIRECT_OBJC_ISA_USAGE = YES_ERROR;
				CLANG_WARN_DOCUMENTATION_COMMENTS = YES;
				CLANG_WARN_EMPTY_BODY = YES;
				CLANG_WARN_ENUM_CONVERSION = YES;
				CLANG_WARN_INFINITE_RECURSION = YES;
				CLANG_WARN_INT_CONVERSION = YES;
				CLANG_WARN_NON_LITERAL_NULL_CONVERSION = YES;
				CLANG_WARN_OBJC_IMPLICIT_RETAIN_SELF = YES;
				CLANG_WARN_OBJC_LITERAL_CONVERSION = YES;
				CLANG_WARN_OBJC_ROOT_CLASS = YES_ERROR;
				CLANG_WARN_RANGE_LOOP_ANALYSIS = YES;
				CLANG_WARN_STRICT_PROTOTYPES = YES;
				CLANG_WARN_SUSPICIOUS_MOVE = YES;
				CLANG_WARN_UNGUARDED_AVAILABILITY = YES_AGGRESSIVE;
				CLANG_WARN_UNREACHABLE_CODE = YES;
				CLANG_WARN__DUPLICATE_METHOD_MATCH = YES;
				CODE_SIGN_IDENTITY = "iPhone Developer";
				COPY_PHASE_STRIP = NO;
				DEBUG_INFORMATION_FORMAT = dwarf;
				ENABLE_STRICT_OBJC_MSGSEND = YES;
				ENABLE_TESTABILITY = YES;
				GCC_C_LANGUAGE_STANDARD = gnu11;
				GCC_DYNAMIC_NO_PIC = NO;
				GCC_NO_COMMON_BLOCKS = YES;
				GCC_OPTIMIZATION_LEVEL = 0;
				GCC_PREPROCESSOR_DEFINITIONS = (
					"DEBUG=1",
					"$(inherited)",
				);
				GCC_WARN_64_TO_32_BIT_CONVERSION = YES;
				GCC_WARN_ABOUT_RETURN_TYPE = YES_ERROR;
				GCC_WARN_UNDECLARED_SELECTOR = YES;
				GCC_WARN_UNINITIALIZED_AUTOS = YES_AGGRESSIVE;
				GCC_WARN_UNUSED_FUNCTION = YES;
				GCC_WARN_UNUSED_VARIABLE = YES;
				IPHONEOS_DEPLOYMENT_TARGET = 12.1;
				MTL_ENABLE_DEBUG_INFO = INCLUDE_SOURCE;
				MTL_FAST_MATH = YES;
				ONLY_ACTIVE_ARCH = YES;
				SDKROOT = iphoneos;
				SWIFT_ACTIVE_COMPILATION_CONDITIONS = DEBUG;
				SWIFT_OPTIMIZATION_LEVEL = "-Onone";
			};
			name = Debug;
		};
		FAF2424921FF9FD900930D7B /* Release */ = {
			isa = XCBuildConfiguration;
			buildSettings = {
				ALWAYS_SEARCH_USER_PATHS = NO;
				CLANG_ANALYZER_NONNULL = YES;
				CLANG_ANALYZER_NUMBER_OBJECT_CONVERSION = YES_AGGRESSIVE;
				CLANG_CXX_LANGUAGE_STANDARD = "gnu++14";
				CLANG_CXX_LIBRARY = "libc++";
				CLANG_ENABLE_MODULES = YES;
				CLANG_ENABLE_OBJC_ARC = YES;
				CLANG_ENABLE_OBJC_WEAK = YES;
				CLANG_WARN_BLOCK_CAPTURE_AUTORELEASING = YES;
				CLANG_WARN_BOOL_CONVERSION = YES;
				CLANG_WARN_COMMA = YES;
				CLANG_WARN_CONSTANT_CONVERSION = YES;
				CLANG_WARN_DEPRECATED_OBJC_IMPLEMENTATIONS = YES;
				CLANG_WARN_DIRECT_OBJC_ISA_USAGE = YES_ERROR;
				CLANG_WARN_DOCUMENTATION_COMMENTS = YES;
				CLANG_WARN_EMPTY_BODY = YES;
				CLANG_WARN_ENUM_CONVERSION = YES;
				CLANG_WARN_INFINITE_RECURSION = YES;
				CLANG_WARN_INT_CONVERSION = YES;
				CLANG_WARN_NON_LITERAL_NULL_CONVERSION = YES;
				CLANG_WARN_OBJC_IMPLICIT_RETAIN_SELF = YES;
				CLANG_WARN_OBJC_LITERAL_CONVERSION = YES;
				CLANG_WARN_OBJC_ROOT_CLASS = YES_ERROR;
				CLANG_WARN_RANGE_LOOP_ANALYSIS = YES;
				CLANG_WARN_STRICT_PROTOTYPES = YES;
				CLANG_WARN_SUSPICIOUS_MOVE = YES;
				CLANG_WARN_UNGUARDED_AVAILABILITY = YES_AGGRESSIVE;
				CLANG_WARN_UNREACHABLE_CODE = YES;
				CLANG_WARN__DUPLICATE_METHOD_MATCH = YES;
				CODE_SIGN_IDENTITY = "iPhone Developer";
				COPY_PHASE_STRIP = NO;
				DEBUG_INFORMATION_FORMAT = "dwarf-with-dsym";
				ENABLE_NS_ASSERTIONS = NO;
				ENABLE_STRICT_OBJC_MSGSEND = YES;
				GCC_C_LANGUAGE_STANDARD = gnu11;
				GCC_NO_COMMON_BLOCKS = YES;
				GCC_WARN_64_TO_32_BIT_CONVERSION = YES;
				GCC_WARN_ABOUT_RETURN_TYPE = YES_ERROR;
				GCC_WARN_UNDECLARED_SELECTOR = YES;
				GCC_WARN_UNINITIALIZED_AUTOS = YES_AGGRESSIVE;
				GCC_WARN_UNUSED_FUNCTION = YES;
				GCC_WARN_UNUSED_VARIABLE = YES;
				IPHONEOS_DEPLOYMENT_TARGET = 12.1;
				MTL_ENABLE_DEBUG_INFO = NO;
				MTL_FAST_MATH = YES;
				SDKROOT = iphoneos;
				SWIFT_COMPILATION_MODE = wholemodule;
				SWIFT_OPTIMIZATION_LEVEL = "-O";
				VALIDATE_PRODUCT = YES;
			};
			name = Release;
		};
		FAF2424B21FF9FD900930D7B /* Debug */ = {
			isa = XCBuildConfiguration;
			buildSettings = {
				ASSETCATALOG_COMPILER_APPICON_NAME = AppIcon;
				CODE_SIGN_STYLE = Automatic;
				DEVELOPMENT_TEAM = EMX5WZVKLF;
				INFOPLIST_FILE = "Virtual Tourist/Info.plist";
				LD_RUNPATH_SEARCH_PATHS = (
					"$(inherited)",
					"@executable_path/Frameworks",
				);
				PRODUCT_BUNDLE_IDENTIFIER = "com.jpapps.Virtual-Tourist";
				PRODUCT_NAME = "$(TARGET_NAME)";
				SWIFT_VERSION = 4.2;
				TARGETED_DEVICE_FAMILY = "1,2";
			};
			name = Debug;
		};
		FAF2424C21FF9FD900930D7B /* Release */ = {
			isa = XCBuildConfiguration;
			buildSettings = {
				ASSETCATALOG_COMPILER_APPICON_NAME = AppIcon;
				CODE_SIGN_STYLE = Automatic;
				DEVELOPMENT_TEAM = EMX5WZVKLF;
				INFOPLIST_FILE = "Virtual Tourist/Info.plist";
				LD_RUNPATH_SEARCH_PATHS = (
					"$(inherited)",
					"@executable_path/Frameworks",
				);
				PRODUCT_BUNDLE_IDENTIFIER = "com.jpapps.Virtual-Tourist";
				PRODUCT_NAME = "$(TARGET_NAME)";
				SWIFT_VERSION = 4.2;
				TARGETED_DEVICE_FAMILY = "1,2";
			};
			name = Release;
		};
/* End XCBuildConfiguration section */

/* Begin XCConfigurationList section */
		FAF2423021FF9FD700930D7B /* Build configuration list for PBXProject "Virtual Tourist" */ = {
			isa = XCConfigurationList;
			buildConfigurations = (
				FAF2424821FF9FD900930D7B /* Debug */,
				FAF2424921FF9FD900930D7B /* Release */,
			);
			defaultConfigurationIsVisible = 0;
			defaultConfigurationName = Release;
		};
		FAF2424A21FF9FD900930D7B /* Build configuration list for PBXNativeTarget "Virtual Tourist" */ = {
			isa = XCConfigurationList;
			buildConfigurations = (
				FAF2424B21FF9FD900930D7B /* Debug */,
				FAF2424C21FF9FD900930D7B /* Release */,
			);
			defaultConfigurationIsVisible = 0;
			defaultConfigurationName = Release;
		};
/* End XCConfigurationList section */

/* Begin XCVersionGroup section */
		FAF2423F21FF9FD700930D7B /* Virtual_Tourist.xcdatamodeld */ = {
			isa = XCVersionGroup;
			children = (
				FAF2424021FF9FD700930D7B /* Virtual_Tourist.xcdatamodel */,
			);
			currentVersion = FAF2424021FF9FD700930D7B /* Virtual_Tourist.xcdatamodel */;
			path = Virtual_Tourist.xcdatamodeld;
			sourceTree = "<group>";
			versionGroupType = wrapper.xcdatamodel;
		};
/* End XCVersionGroup section */
	};
	rootObject = FAF2422D21FF9FD700930D7B /* Project object */;
}
